
Microsoft Visual Studio Solution File, Format Version 12.00
# Visual Studio Version 16
VisualStudioVersion = 16.0.30011.22
MinimumVisualStudioVersion = 10.0.40219.1
Project("{FAE04EC0-301F-11D3-BF4B-00C04F79EFBC}") = "oap7", "oap7\oap7.csproj", "{07454992-E734-4BBC-8F2A-76EE3810275B}"
EndProject
Global
	GlobalSection(SolutionConfigurationPlatforms) = preSolution
		Debug|Any CPU = Debug|Any CPU
		Release|Any CPU = Release|Any CPU
	EndGlobalSection
	GlobalSection(ProjectConfigurationPlatforms) = postSolution
		{07454992-E734-4BBC-8F2A-76EE3810275B}.Debug|Any CPU.ActiveCfg = Debug|Any CPU
		{07454992-E734-4BBC-8F2A-76EE3810275B}.Debug|Any CPU.Build.0 = Debug|Any CPU
		{07454992-E734-4BBC-8F2A-76EE3810275B}.Release|Any CPU.ActiveCfg = Release|Any CPU
		{07454992-E734-4BBC-8F2A-76EE3810275B}.Release|Any CPU.Build.0 = Release|Any CPU
	EndGlobalSection
	GlobalSection(SolutionProperties) = preSolution
		HideSolutionNode = FALSE
	EndGlobalSection
	GlobalSection(ExtensibilityGlobals) = postSolution
		SolutionGuid = {5004214C-ED18-4851-99D8-6ED702A75710}
	EndGlobalSection
EndGlobal
